// !$*UTF8*$!
{
	archiveVersion = 1;
	classes = {
	};
	objectVersion = 46;
	objects = {

/* Begin PBXBuildFile section */
		AA3E37211DA52453002C4007 /* Meal.swift in Sources */ = {isa = PBXBuildFile; fileRef = AA3E37201DA52453002C4007 /* Meal.swift */; };
		AA3E37231DA52824002C4007 /* MealTableViewCell.swift in Sources */ = {isa = PBXBuildFile; fileRef = AA3E37221DA52824002C4007 /* MealTableViewCell.swift */; };
		AA3E37251DA52B6B002C4007 /* MealTableViewController.swift in Sources */ = {isa = PBXBuildFile; fileRef = AA3E37241DA52B6B002C4007 /* MealTableViewController.swift */; };
		AAF09F051D9BEFB200ABB32C /* AppDelegate.swift in Sources */ = {isa = PBXBuildFile; fileRef = AAF09F041D9BEFB200ABB32C /* AppDelegate.swift */; };
		AAF09F071D9BEFB200ABB32C /* ViewController.swift in Sources */ = {isa = PBXBuildFile; fileRef = AAF09F061D9BEFB200ABB32C /* ViewController.swift */; };
		AAF09F0A1D9BEFB200ABB32C /* Main.storyboard in Resources */ = {isa = PBXBuildFile; fileRef = AAF09F081D9BEFB200ABB32C /* Main.storyboard */; };
		AAF09F0C1D9BEFB200ABB32C /* Assets.xcassets in Resources */ = {isa = PBXBuildFile; fileRef = AAF09F0B1D9BEFB200ABB32C /* Assets.xcassets */; };
		AAF09F0F1D9BEFB200ABB32C /* LaunchScreen.storyboard in Resources */ = {isa = PBXBuildFile; fileRef = AAF09F0D1D9BEFB200ABB32C /* LaunchScreen.storyboard */; };
		AAF09F171D9C031500ABB32C /* RatingControl.swift in Sources */ = {isa = PBXBuildFile; fileRef = AAF09F161D9C031500ABB32C /* RatingControl.swift */; };
/* End PBXBuildFile section */

/* Begin PBXFileReference section */
		AA3E37201DA52453002C4007 /* Meal.swift */ = {isa = PBXFileReference; fileEncoding = 4; lastKnownFileType = sourcecode.swift; path = Meal.swift; sourceTree = "<group>"; };
		AA3E37221DA52824002C4007 /* MealTableViewCell.swift */ = {isa = PBXFileReference; fileEncoding = 4; lastKnownFileType = sourcecode.swift; path = MealTableViewCell.swift; sourceTree = "<group>"; };
		AA3E37241DA52B6B002C4007 /* MealTableViewController.swift */ = {isa = PBXFileReference; fileEncoding = 4; lastKnownFileType = sourcecode.swift; path = MealTableViewController.swift; sourceTree = "<group>"; };
		AAF09F011D9BEFB200ABB32C /* FoodTracker.app */ = {isa = PBXFileReference; explicitFileType = wrapper.application; includeInIndex = 0; path = FoodTracker.app; sourceTree = BUILT_PRODUCTS_DIR; };
		AAF09F041D9BEFB200ABB32C /* AppDelegate.swift */ = {isa = PBXFileReference; lastKnownFileType = sourcecode.swift; path = AppDelegate.swift; sourceTree = "<group>"; };
		AAF09F061D9BEFB200ABB32C /* ViewController.swift */ = {isa = PBXFileReference; lastKnownFileType = sourcecode.swift; path = ViewController.swift; sourceTree = "<group>"; };
		AAF09F091D9BEFB200ABB32C /* Base */ = {isa = PBXFileReference; lastKnownFileType = file.storyboard; name = Base; path = Base.lproj/Main.storyboard; sourceTree = "<group>"; };
		AAF09F0B1D9BEFB200ABB32C /* Assets.xcassets */ = {isa = PBXFileReference; lastKnownFileType = folder.assetcatalog; path = Assets.xcassets; sourceTree = "<group>"; };
		AAF09F0E1D9BEFB200ABB32C /* Base */ = {isa = PBXFileReference; lastKnownFileType = file.storyboard; name = Base; path = Base.lproj/LaunchScreen.storyboard; sourceTree = "<group>"; };
		AAF09F101D9BEFB200ABB32C /* Info.plist */ = {isa = PBXFileReference; lastKnownFileType = text.plist.xml; path = Info.plist; sourceTree = "<group>"; };
		AAF09F161D9C031500ABB32C /* RatingControl.swift */ = {isa = PBXFileReference; fileEncoding = 4; lastKnownFileType = sourcecode.swift; path = RatingControl.swift; sourceTree = "<group>"; };
/* End PBXFileReference section */

/* Begin PBXFrameworksBuildPhase section */
		AAF09EFE1D9BEFB200ABB32C /* Frameworks */ = {
			isa = PBXFrameworksBuildPhase;
			buildActionMask = 2147483647;
			files = (
			);
			runOnlyForDeploymentPostprocessing = 0;
		};
/* End PBXFrameworksBuildPhase section */

/* Begin PBXGroup section */
		AAF09EF81D9BEFB200ABB32C = {
			isa = PBXGroup;
			children = (
				AAF09F031D9BEFB200ABB32C /* FoodTracker */,
				AAF09F021D9BEFB200ABB32C /* Products */,
			);
			sourceTree = "<group>";
		};
		AAF09F021D9BEFB200ABB32C /* Products */ = {
			isa = PBXGroup;
			children = (
				AAF09F011D9BEFB200ABB32C /* FoodTracker.app */,
			);
			name = Products;
			sourceTree = "<group>";
		};
		AAF09F031D9BEFB200ABB32C /* FoodTracker */ = {
			isa = PBXGroup;
			children = (
				AAF09F041D9BEFB200ABB32C /* AppDelegate.swift */,
				AAF09F061D9BEFB200ABB32C /* ViewController.swift */,
				AAF09F161D9C031500ABB32C /* RatingControl.swift */,
				AA3E37201DA52453002C4007 /* Meal.swift */,
				AAF09F081D9BEFB200ABB32C /* Main.storyboard */,
				AA3E37241DA52B6B002C4007 /* MealTableViewController.swift */,
				AA3E37221DA52824002C4007 /* MealTableViewCell.swift */,
				AAF09F0B1D9BEFB200ABB32C /* Assets.xcassets */,
				AAF09F0D1D9BEFB200ABB32C /* LaunchScreen.storyboard */,
				AAF09F101D9BEFB200ABB32C /* Info.plist */,
			);
			name = FoodTracker;
			path = FoodTracker2;
			sourceTree = "<group>";
		};
/* End PBXGroup section */

/* Begin PBXNativeTarget section */
		AAF09F001D9BEFB200ABB32C /* FoodTracker */ = {
			isa = PBXNativeTarget;
			buildConfigurationList = AAF09F131D9BEFB200ABB32C /* Build configuration list for PBXNativeTarget "FoodTracker" */;
			buildPhases = (
				AAF09EFD1D9BEFB200ABB32C /* Sources */,
				AAF09EFE1D9BEFB200ABB32C /* Frameworks */,
				AAF09EFF1D9BEFB200ABB32C /* Resources */,
			);
			buildRules = (
			);
			dependencies = (
			);
			name = FoodTracker;
			productName = FoodTracker2;
			productReference = AAF09F011D9BEFB200ABB32C /* FoodTracker.app */;
			productType = "com.apple.product-type.application";
		};
/* End PBXNativeTarget section */

/* Begin PBXProject section */
		AAF09EF91D9BEFB200ABB32C /* Project object */ = {
			isa = PBXProject;
			attributes = {
				LastSwiftUpdateCheck = 0730;
				LastUpgradeCheck = 0730;
				ORGANIZATIONNAME = IUT;
				TargetAttributes = {
					AAF09F001D9BEFB200ABB32C = {
						CreatedOnToolsVersion = 7.3;
						DevelopmentTeam = ESC38W855E;
						LastSwiftMigration = 0810;
					};
				};
			};
			buildConfigurationList = AAF09EFC1D9BEFB200ABB32C /* Build configuration list for PBXProject "FoodTracker" */;
			compatibilityVersion = "Xcode 3.2";
			developmentRegion = English;
			hasScannedForEncodings = 0;
			knownRegions = (
				en,
				Base,
			);
			mainGroup = AAF09EF81D9BEFB200ABB32C;
			productRefGroup = AAF09F021D9BEFB200ABB32C /* Products */;
			projectDirPath = "";
			projectRoot = "";
			targets = (
				AAF09F001D9BEFB200ABB32C /* FoodTracker */,
			);
		};
/* End PBXProject section */

/* Begin PBXResourcesBuildPhase section */
		AAF09EFF1D9BEFB200ABB32C /* Resources */ = {
			isa = PBXResourcesBuildPhase;
			buildActionMask = 2147483647;
			files = (
				AAF09F0F1D9BEFB200ABB32C /* LaunchScreen.storyboard in Resources */,
				AAF09F0C1D9BEFB200ABB32C /* Assets.xcassets in Resources */,
				AAF09F0A1D9BEFB200ABB32C /* Main.storyboard in Resources */,
			);
			runOnlyForDeploymentPostprocessing = 0;
		};
/* End PBXResourcesBuildPhase section */

/* Begin PBXSourcesBuildPhase section */
		AAF09EFD1D9BEFB200ABB32C /* Sources */ = {
			isa = PBXSourcesBuildPhase;
			buildActionMask = 2147483647;
			files = (
				AA3E37211DA52453002C4007 /* Meal.swift in Sources */,
				AAF09F071D9BEFB200ABB32C /* ViewController.swift in Sources */,
				AAF09F171D9C031500ABB32C /* RatingControl.swift in Sources */,
				AAF09F051D9BEFB200ABB32C /* AppDelegate.swift in Sources */,
				AA3E37251DA52B6B002C4007 /* MealTableViewController.swift in Sources */,
				AA3E37231DA52824002C4007 /* MealTableViewCell.swift in Sources */,
			);
			runOnlyForDeploymentPostprocessing = 0;
		};
/* End PBXSourcesBuildPhase section */

/* Begin PBXVariantGroup section */
		AAF09F081D9BEFB200ABB32C /* Main.storyboard */ = {
			isa = PBXVariantGroup;
			children = (
				AAF09F091D9BEFB200ABB32C /* Base */,
			);
			name = Main.storyboard;
			sourceTree = "<group>";
		};
		AAF09F0D1D9BEFB200ABB32C /* LaunchScreen.storyboard */ = {
			isa = PBXVariantGroup;
			children = (
				AAF09F0E1D9BEFB200ABB32C /* Base */,
			);
			name = LaunchScreen.storyboard;
			sourceTree = "<group>";
		};
/* End PBXVariantGroup section */

/* Begin XCBuildConfiguration section */
		AAF09F111D9BEFB200ABB32C /* Debug */ = {
			isa = XCBuildConfiguration;
			buildSettings = {
				ALWAYS_SEARCH_USER_PATHS = NO;
				CLANG_ANALYZER_NONNULL = YES;
				CLANG_CXX_LANGUAGE_STANDARD = "gnu++0x";
				CLANG_CXX_LIBRARY = "libc++";
				CLANG_ENABLE_MODULES = YES;
				CLANG_ENABLE_OBJC_ARC = YES;
				CLANG_WARN_BOOL_CONVERSION = YES;
				CLANG_WARN_CONSTANT_CONVERSION = YES;
				CLANG_WARN_DIRECT_OBJC_ISA_USAGE = YES_ERROR;
				CLANG_WARN_EMPTY_BODY = YES;
				CLANG_WARN_ENUM_CONVERSION = YES;
				CLANG_WARN_INT_CONVERSION = YES;
				CLANG_WARN_OBJC_ROOT_CLASS = YES_ERROR;
				CLANG_WARN_UNREACHABLE_CODE = YES;
				CLANG_WARN__DUPLICATE_METHOD_MATCH = YES;
				"CODE_SIGN_IDENTITY[sdk=iphoneos*]" = "iPhone Developer";
				COPY_PHASE_STRIP = NO;
				DEBUG_INFORMATION_FORMAT = dwarf;
				ENABLE_STRICT_OBJC_MSGSEND = YES;
				ENABLE_TESTABILITY = YES;
				GCC_C_LANGUAGE_STANDARD = gnu99;
				GCC_DYNAMIC_NO_PIC = NO;
				GCC_NO_COMMON_BLOCKS = YES;
				GCC_OPTIMIZATION_LEVEL = 0;
				GCC_PREPROCESSOR_DEFINITIONS = (
					"DEBUG=1",
					"$(inherited)",
				);
				GCC_WARN_64_TO_32_BIT_CONVERSION = YES;
				GCC_WARN_ABOUT_RETURN_TYPE = YES_ERROR;
				GCC_WARN_UNDECLARED_SELECTOR = YES;
				GCC_WARN_UNINITIALIZED_AUTOS = YES_AGGRESSIVE;
				GCC_WARN_UNUSED_FUNCTION = YES;
				GCC_WARN_UNUSED_VARIABLE = YES;
				IPHONEOS_DEPLOYMENT_TARGET = 10.1;
				MTL_ENABLE_DEBUG_INFO = YES;
				ONLY_ACTIVE_ARCH = YES;
				SDKROOT = iphoneos;
				SWIFT_OPTIMIZATION_LEVEL = "-Onone";
			};
			name = Debug;
		};
		AAF09F121D9BEFB200ABB32C /* Release */ = {
			isa = XCBuildConfiguration;
			buildSettings = {
				ALWAYS_SEARCH_USER_PATHS = NO;
				CLANG_ANALYZER_NONNULL = YES;
				CLANG_CXX_LANGUAGE_STANDARD = "gnu++0x";
				CLANG_CXX_LIBRARY = "libc++";
				CLANG_ENABLE_MODULES = YES;
				CLANG_ENABLE_OBJC_ARC = YES;
				CLANG_WARN_BOOL_CONVERSION = YES;
				CLANG_WARN_CONSTANT_CONVERSION = YES;
				CLANG_WARN_DIRECT_OBJC_ISA_USAGE = YES_ERROR;
				CLANG_WARN_EMPTY_BODY = YES;
				CLANG_WARN_ENUM_CONVERSION = YES;
				CLANG_WARN_INT_CONVERSION = YES;
				CLANG_WARN_OBJC_ROOT_CLASS = YES_ERROR;
				CLANG_WARN_UNREACHABLE_CODE = YES;
				CLANG_WARN__DUPLICATE_METHOD_MATCH = YES;
				"CODE_SIGN_IDENTITY[sdk=iphoneos*]" = "iPhone Developer";
				COPY_PHASE_STRIP = NO;
				DEBUG_INFORMATION_FORMAT = "dwarf-with-dsym";
				ENABLE_NS_ASSERTIONS = NO;
				ENABLE_STRICT_OBJC_MSGSEND = YES;
				GCC_C_LANGUAGE_STANDARD = gnu99;
				GCC_NO_COMMON_BLOCKS = YES;
				GCC_WARN_64_TO_32_BIT_CONVERSION = YES;
				GCC_WARN_ABOUT_RETURN_TYPE = YES_ERROR;
				GCC_WARN_UNDECLARED_SELECTOR = YES;
				GCC_WARN_UNINITIALIZED_AUTOS = YES_AGGRESSIVE;
				GCC_WARN_UNUSED_FUNCTION = YES;
				GCC_WARN_UNUSED_VARIABLE = YES;
				IPHONEOS_DEPLOYMENT_TARGET = 10.1;
				MTL_ENABLE_DEBUG_INFO = NO;
				SDKROOT = iphoneos;
				VALIDATE_PRODUCT = YES;
			};
			name = Release;
		};
		AAF09F141D9BEFB200ABB32C /* Debug */ = {
			isa = XCBuildConfiguration;
			buildSettings = {
				ASSETCATALOG_COMPILER_APPICON_NAME = AppIcon;
				DEVELOPMENT_TEAM = ESC38W855E;
				INFOPLIST_FILE = FoodTracker2/Info.plist;
				LD_RUNPATH_SEARCH_PATHS = "$(inherited) @executable_path/Frameworks";
				PRODUCT_BUNDLE_IDENTIFIER = com.rhanizar.aymane.FoodTracker;
				PRODUCT_NAME = "$(TARGET_NAME)";
				SWIFT_VERSION = 3.0;
			};
			name = Debug;
		};
		AAF09F151D9BEFB200ABB32C /* Release */ = {
			isa = XCBuildConfiguration;
			buildSettings = {
				ASSETCATALOG_COMPILER_APPICON_NAME = AppIcon;
				DEVELOPMENT_TEAM = ESC38W855E;
				INFOPLIST_FILE = FoodTracker2/Info.plist;
				LD_RUNPATH_SEARCH_PATHS = "$(inherited) @executable_path/Frameworks";
				PRODUCT_BUNDLE_IDENTIFIER = com.rhanizar.aymane.FoodTracker;
				PRODUCT_NAME = "$(TARGET_NAME)";
				SWIFT_VERSION = 3.0;
			};
			name = Release;
		};
/* End XCBuildConfiguration section */

/* Begin XCConfigurationList section */
		AAF09EFC1D9BEFB200ABB32C /* Build configuration list for PBXProject "FoodTracker" */ = {
			isa = XCConfigurationList;
			buildConfigurations = (
				AAF09F111D9BEFB200ABB32C /* Debug */,
				AAF09F121D9BEFB200ABB32C /* Release */,
			);
			defaultConfigurationIsVisible = 0;
			defaultConfigurationName = Release;
		};
		AAF09F131D9BEFB200ABB32C /* Build configuration list for PBXNativeTarget "FoodTracker" */ = {
			isa = XCConfigurationList;
			buildConfigurations = (
				AAF09F141D9BEFB200ABB32C /* Debug */,
				AAF09F151D9BEFB200ABB32C /* Release */,
			);
			defaultConfigurationIsVisible = 0;
			defaultConfigurationName = Release;
		};
/* End XCConfigurationList section */
	};
	rootObject = AAF09EF91D9BEFB200ABB32C /* Project object */;
}
